{
  "requires": true,
  "lockfileVersion": 1,
  "dependencies": {
    "@bevacqua/rome": {
      "version": "3.0.4",
      "resolved": "https://registry.npmjs.org/@bevacqua/rome/-/rome-3.0.4.tgz",
      "integrity": "sha512-7xQiqpjYyrCg/LmeZAdMCtOLf0tJVHtOXARVbCfm95sDOS83m+ZyAUGgQucRElfgnDMG6ivYNJ6RyK5D/9zrJg==",
      "requires": {
        "bullseye": "1.4.6",
        "contra": "1.9.4",
        "crossvent": "1.5.0",
        "moment": "2.29.1"
      }
    },
    "atoa": {
      "version": "1.0.0",
      "resolved": "https://registry.npmjs.org/atoa/-/atoa-1.0.0.tgz",
      "integrity": "sha1-DMDpGkgOc4+SPrwQNnZHF3mzSkk="
    },
    "bullseye": {
      "version": "1.4.6",
      "resolved": "https://registry.npmjs.org/bullseye/-/bullseye-1.4.6.tgz",
      "integrity": "sha1-tz9gb3tCc76ArGWs11KV1iYG/iQ=",
      "requires": {
        "crossvent": "1.5.0",
        "seleccion": "2.0.0",
        "sell": "1.0.0"
      }
    },
    "contra": {
      "version": "1.9.4",
      "resolved": "https://registry.npmjs.org/contra/-/contra-1.9.4.tgz",
      "integrity": "sha1-9TveQtfltZhcrk2ZqNYQUm3o8o0=",
      "requires": {
        "atoa": "1.0.0",
        "ticky": "1.0.1"
      }
    },
    "crossvent": {
      "version": "1.5.0",
      "resolved": "https://registry.npmjs.org/crossvent/-/crossvent-1.5.0.tgz",
      "integrity": "sha1-N3nBJCaZ4ZQX8EFOYbFEdTpS/W0=",
      "requires": {
        "custom-event": "1.0.0"
      }
    },
    "custom-event": {
      "version": "1.0.0",
      "resolved": "https://registry.npmjs.org/custom-event/-/custom-event-1.0.0.tgz",
      "integrity": "sha1-LkYovhncSyFLXAJjDFlx6BFhgGI="
    },
    "moment": {
      "version": "2.29.1",
      "resolved": "https://registry.npmjs.org/moment/-/moment-2.29.1.tgz",
      "integrity": "sha512-kHmoybcPV8Sqy59DwNDY3Jefr64lK/by/da0ViFcuA4DH0vQg5Q6Ze5VimxkfQNSC+Mls/Kx53s7TjP1RhFEDQ=="
    },
    "seleccion": {
      "version": "2.0.0",
      "resolved": "https://registry.npmjs.org/seleccion/-/seleccion-2.0.0.tgz",
      "integrity": "sha1-CYSsHo31E+OLQaYI5lBC6DgeCnM="
    },
    "sell": {
      "version": "1.0.0",
      "resolved": "https://registry.npmjs.org/sell/-/sell-1.0.0.tgz",
      "integrity": "sha1-O6yn5R943e6eIu6hrHR6Y2i9FjA="
    },
    "ticky": {
      "version": "1.0.1",
      "resolved": "https://registry.npmjs.org/ticky/-/ticky-1.0.1.tgz",
      "integrity": "sha1-t8+nHnaPHJAAxJe5FRswlHxQ5G0="
    }
  }
}
